
Microsoft Visual Studio Solution File, Format Version 12.00
Project("{FAE04EC0-301F-11D3-BF4B-00C04F79EFBC}") = "WebApi", "src\WebApi\WebApi.csproj", "{A997D8EA-F436-4C14-9BA0-8D51DC293E6E}"
EndProject
Project("{2150E333-8FDC-42A3-9474-1A3956D46DE8}") = "src", "src", "{B4BF8891-0395-4F01-8DBA-105578646F4D}"
EndProject
Project("{FAE04EC0-301F-11D3-BF4B-00C04F79EFBC}") = "Application", "src\Application\Application.csproj", "{37802F21-31C0-4558-AFCE-7C92ECBD6087}"
EndProject
Project("{FAE04EC0-301F-11D3-BF4B-00C04F79EFBC}") = "Domain", "src\Domain\Domain.csproj", "{55746672-BD97-49B6-9D6E-8E55CFF4894A}"
EndProject
Project("{FAE04EC0-301F-11D3-BF4B-00C04F79EFBC}") = "Data", "src\Data\Data.csproj", "{942DA896-05CD-426E-9DB1-B706955A6DFE}"
EndProject
Project("{FAE04EC0-301F-11D3-BF4B-00C04F79EFBC}") = "Shared", "src\Shared\Shared.csproj", "{D978175E-869E-4B2B-A316-23DB300AC2B7}"
EndProject
Project("{FAE04EC0-301F-11D3-BF4B-00C04F79EFBC}") = "Infrastructure", "src\Infrastructure\Infrastructure.csproj", "{415784E7-C973-4BBB-AD5D-A7D608A895D5}"
EndProject
Project("{2150E333-8FDC-42A3-9474-1A3956D46DE8}") = "test", "test", "{E1908B41-BE6A-46DA-943E-F7EE7FA636AB}"
EndProject
Project("{2150E333-8FDC-42A3-9474-1A3956D46DE8}") = "unit", "unit", "{6A0292B6-A5A8-42E9-ABFF-4FE5CCBEF9E1}"
EndProject
Project("{FAE04EC0-301F-11D3-BF4B-00C04F79EFBC}") = "WebApi.Test", "tests\unit\WebApi.Test\WebApi.Test.csproj", "{499E5190-CF15-4D2D-8670-AA05F5922416}"
EndProject
Project("{FAE04EC0-301F-11D3-BF4B-00C04F79EFBC}") = "Application.Test", "tests\unit\Application.Test\Application.Test.csproj", "{5BC63D73-331A-451C-8124-07D935AADF64}"
EndProject
Project("{FAE04EC0-301F-11D3-BF4B-00C04F79EFBC}") = "Domain.Test", "tests\unit\Domain.Test\Domain.Test.csproj", "{76C607FB-6775-4FB5-8EFF-D7B9650B1FCF}"
EndProject
Project("{FAE04EC0-301F-11D3-BF4B-00C04F79EFBC}") = "Data.Test", "tests\unit\Data.Test\Data.Test.csproj", "{CFB00C0C-074D-495B-B0AF-FB3117585EFF}"
EndProject
Project("{FAE04EC0-301F-11D3-BF4B-00C04F79EFBC}") = "Shared.Test", "tests\unit\Shared.Test\Shared.Test.csproj", "{F97139B8-201C-457E-8791-90C80397E96A}"
EndProject
Project("{FAE04EC0-301F-11D3-BF4B-00C04F79EFBC}") = "Infrastructure.Test", "tests\unit\Infrastructure.Test\Infrastructure.Test.csproj", "{9214EED7-9E2B-4A9B-93D9-E7164869CBEF}"
EndProject
Project("{2150E333-8FDC-42A3-9474-1A3956D46DE8}") = "integration", "integration", "{F7941DF4-E3B8-4F59-99A8-E8BCE34FA648}"
EndProject
Project("{FAE04EC0-301F-11D3-BF4B-00C04F79EFBC}") = "Integration.Test", "tests\integration\Integration.Test\Integration.Test.csproj", "{1B00D75F-4BBB-45E0-943E-FFEDEE7D3816}"
EndProject
Project("{2150E333-8FDC-42A3-9474-1A3956D46DE8}") = "SolutionItems", "SolutionItems", "{B8A2CC3A-8BA4-489E-93D6-971D887202DA}"
EndProject
Project("{FAE04EC0-301F-11D3-BF4B-00C04F79EFBC}") = "Migrations", "src\Migrations\Migrations.csproj", "{5BE1FC22-B5D6-455E-8784-D9F0F810F45F}"
EndProject
Global
	GlobalSection(SolutionConfigurationPlatforms) = preSolution
		Debug|Any CPU = Debug|Any CPU
		Release|Any CPU = Release|Any CPU
	EndGlobalSection
	GlobalSection(ProjectConfigurationPlatforms) = postSolution
		{A997D8EA-F436-4C14-9BA0-8D51DC293E6E}.Debug|Any CPU.ActiveCfg = Debug|Any CPU
		{A997D8EA-F436-4C14-9BA0-8D51DC293E6E}.Debug|Any CPU.Build.0 = Debug|Any CPU
		{A997D8EA-F436-4C14-9BA0-8D51DC293E6E}.Release|Any CPU.ActiveCfg = Release|Any CPU
		{A997D8EA-F436-4C14-9BA0-8D51DC293E6E}.Release|Any CPU.Build.0 = Release|Any CPU
		{37802F21-31C0-4558-AFCE-7C92ECBD6087}.Debug|Any CPU.ActiveCfg = Debug|Any CPU
		{37802F21-31C0-4558-AFCE-7C92ECBD6087}.Debug|Any CPU.Build.0 = Debug|Any CPU
		{37802F21-31C0-4558-AFCE-7C92ECBD6087}.Release|Any CPU.ActiveCfg = Release|Any CPU
		{37802F21-31C0-4558-AFCE-7C92ECBD6087}.Release|Any CPU.Build.0 = Release|Any CPU
		{55746672-BD97-49B6-9D6E-8E55CFF4894A}.Debug|Any CPU.ActiveCfg = Debug|Any CPU
		{55746672-BD97-49B6-9D6E-8E55CFF4894A}.Debug|Any CPU.Build.0 = Debug|Any CPU
		{55746672-BD97-49B6-9D6E-8E55CFF4894A}.Release|Any CPU.ActiveCfg = Release|Any CPU
		{55746672-BD97-49B6-9D6E-8E55CFF4894A}.Release|Any CPU.Build.0 = Release|Any CPU
		{942DA896-05CD-426E-9DB1-B706955A6DFE}.Debug|Any CPU.ActiveCfg = Debug|Any CPU
		{942DA896-05CD-426E-9DB1-B706955A6DFE}.Debug|Any CPU.Build.0 = Debug|Any CPU
		{942DA896-05CD-426E-9DB1-B706955A6DFE}.Release|Any CPU.ActiveCfg = Release|Any CPU
		{942DA896-05CD-426E-9DB1-B706955A6DFE}.Release|Any CPU.Build.0 = Release|Any CPU
		{D978175E-869E-4B2B-A316-23DB300AC2B7}.Debug|Any CPU.ActiveCfg = Debug|Any CPU
		{D978175E-869E-4B2B-A316-23DB300AC2B7}.Debug|Any CPU.Build.0 = Debug|Any CPU
		{D978175E-869E-4B2B-A316-23DB300AC2B7}.Release|Any CPU.ActiveCfg = Release|Any CPU
		{D978175E-869E-4B2B-A316-23DB300AC2B7}.Release|Any CPU.Build.0 = Release|Any CPU
		{415784E7-C973-4BBB-AD5D-A7D608A895D5}.Debug|Any CPU.ActiveCfg = Debug|Any CPU
		{415784E7-C973-4BBB-AD5D-A7D608A895D5}.Debug|Any CPU.Build.0 = Debug|Any CPU
		{415784E7-C973-4BBB-AD5D-A7D608A895D5}.Release|Any CPU.ActiveCfg = Release|Any CPU
		{415784E7-C973-4BBB-AD5D-A7D608A895D5}.Release|Any CPU.Build.0 = Release|Any CPU
		{499E5190-CF15-4D2D-8670-AA05F5922416}.Debug|Any CPU.ActiveCfg = Debug|Any CPU
		{499E5190-CF15-4D2D-8670-AA05F5922416}.Debug|Any CPU.Build.0 = Debug|Any CPU
		{499E5190-CF15-4D2D-8670-AA05F5922416}.Release|Any CPU.ActiveCfg = Release|Any CPU
		{499E5190-CF15-4D2D-8670-AA05F5922416}.Release|Any CPU.Build.0 = Release|Any CPU
		{5BC63D73-331A-451C-8124-07D935AADF64}.Debug|Any CPU.ActiveCfg = Debug|Any CPU
		{5BC63D73-331A-451C-8124-07D935AADF64}.Debug|Any CPU.Build.0 = Debug|Any CPU
		{5BC63D73-331A-451C-8124-07D935AADF64}.Release|Any CPU.ActiveCfg = Release|Any CPU
		{5BC63D73-331A-451C-8124-07D935AADF64}.Release|Any CPU.Build.0 = Release|Any CPU
		{76C607FB-6775-4FB5-8EFF-D7B9650B1FCF}.Debug|Any CPU.ActiveCfg = Debug|Any CPU
		{76C607FB-6775-4FB5-8EFF-D7B9650B1FCF}.Debug|Any CPU.Build.0 = Debug|Any CPU
		{76C607FB-6775-4FB5-8EFF-D7B9650B1FCF}.Release|Any CPU.ActiveCfg = Release|Any CPU
		{76C607FB-6775-4FB5-8EFF-D7B9650B1FCF}.Release|Any CPU.Build.0 = Release|Any CPU
		{CFB00C0C-074D-495B-B0AF-FB3117585EFF}.Debug|Any CPU.ActiveCfg = Debug|Any CPU
		{CFB00C0C-074D-495B-B0AF-FB3117585EFF}.Debug|Any CPU.Build.0 = Debug|Any CPU
		{CFB00C0C-074D-495B-B0AF-FB3117585EFF}.Release|Any CPU.ActiveCfg = Release|Any CPU
		{CFB00C0C-074D-495B-B0AF-FB3117585EFF}.Release|Any CPU.Build.0 = Release|Any CPU
		{F97139B8-201C-457E-8791-90C80397E96A}.Debug|Any CPU.ActiveCfg = Debug|Any CPU
		{F97139B8-201C-457E-8791-90C80397E96A}.Debug|Any CPU.Build.0 = Debug|Any CPU
		{F97139B8-201C-457E-8791-90C80397E96A}.Release|Any CPU.ActiveCfg = Release|Any CPU
		{F97139B8-201C-457E-8791-90C80397E96A}.Release|Any CPU.Build.0 = Release|Any CPU
		{9214EED7-9E2B-4A9B-93D9-E7164869CBEF}.Debug|Any CPU.ActiveCfg = Debug|Any CPU
		{9214EED7-9E2B-4A9B-93D9-E7164869CBEF}.Debug|Any CPU.Build.0 = Debug|Any CPU
		{9214EED7-9E2B-4A9B-93D9-E7164869CBEF}.Release|Any CPU.ActiveCfg = Release|Any CPU
		{9214EED7-9E2B-4A9B-93D9-E7164869CBEF}.Release|Any CPU.Build.0 = Release|Any CPU
		{1B00D75F-4BBB-45E0-943E-FFEDEE7D3816}.Debug|Any CPU.ActiveCfg = Debug|Any CPU
		{1B00D75F-4BBB-45E0-943E-FFEDEE7D3816}.Debug|Any CPU.Build.0 = Debug|Any CPU
		{1B00D75F-4BBB-45E0-943E-FFEDEE7D3816}.Release|Any CPU.ActiveCfg = Release|Any CPU
		{1B00D75F-4BBB-45E0-943E-FFEDEE7D3816}.Release|Any CPU.Build.0 = Release|Any CPU
		{5BE1FC22-B5D6-455E-8784-D9F0F810F45F}.Debug|Any CPU.ActiveCfg = Debug|Any CPU
		{5BE1FC22-B5D6-455E-8784-D9F0F810F45F}.Debug|Any CPU.Build.0 = Debug|Any CPU
		{5BE1FC22-B5D6-455E-8784-D9F0F810F45F}.Release|Any CPU.ActiveCfg = Release|Any CPU
		{5BE1FC22-B5D6-455E-8784-D9F0F810F45F}.Release|Any CPU.Build.0 = Release|Any CPU
	EndGlobalSection
	GlobalSection(NestedProjects) = preSolution
		{A997D8EA-F436-4C14-9BA0-8D51DC293E6E} = {B4BF8891-0395-4F01-8DBA-105578646F4D}
		{37802F21-31C0-4558-AFCE-7C92ECBD6087} = {B4BF8891-0395-4F01-8DBA-105578646F4D}
		{55746672-BD97-49B6-9D6E-8E55CFF4894A} = {B4BF8891-0395-4F01-8DBA-105578646F4D}
		{942DA896-05CD-426E-9DB1-B706955A6DFE} = {B4BF8891-0395-4F01-8DBA-105578646F4D}
		{D978175E-869E-4B2B-A316-23DB300AC2B7} = {B4BF8891-0395-4F01-8DBA-105578646F4D}
		{415784E7-C973-4BBB-AD5D-A7D608A895D5} = {B4BF8891-0395-4F01-8DBA-105578646F4D}
		{6A0292B6-A5A8-42E9-ABFF-4FE5CCBEF9E1} = {E1908B41-BE6A-46DA-943E-F7EE7FA636AB}
		{499E5190-CF15-4D2D-8670-AA05F5922416} = {6A0292B6-A5A8-42E9-ABFF-4FE5CCBEF9E1}
		{5BC63D73-331A-451C-8124-07D935AADF64} = {6A0292B6-A5A8-42E9-ABFF-4FE5CCBEF9E1}
		{76C607FB-6775-4FB5-8EFF-D7B9650B1FCF} = {6A0292B6-A5A8-42E9-ABFF-4FE5CCBEF9E1}
		{CFB00C0C-074D-495B-B0AF-FB3117585EFF} = {6A0292B6-A5A8-42E9-ABFF-4FE5CCBEF9E1}
		{F97139B8-201C-457E-8791-90C80397E96A} = {6A0292B6-A5A8-42E9-ABFF-4FE5CCBEF9E1}
		{9214EED7-9E2B-4A9B-93D9-E7164869CBEF} = {6A0292B6-A5A8-42E9-ABFF-4FE5CCBEF9E1}
		{F7941DF4-E3B8-4F59-99A8-E8BCE34FA648} = {E1908B41-BE6A-46DA-943E-F7EE7FA636AB}
		{1B00D75F-4BBB-45E0-943E-FFEDEE7D3816} = {F7941DF4-E3B8-4F59-99A8-E8BCE34FA648}
		{5BE1FC22-B5D6-455E-8784-D9F0F810F45F} = {B4BF8891-0395-4F01-8DBA-105578646F4D}
	EndGlobalSection
EndGlobal
